
Microsoft Visual Studio Solution File, Format Version 12.00
# Visual Studio Version 16
VisualStudioVersion = 16.0.30907.101
MinimumVisualStudioVersion = 10.0.40219.1
Project("{FAE04EC0-301F-11D3-BF4B-00C04F79EFBC}") = "MvcProjeKampi", "MvcProjeKampi\MvcProjeKampi.csproj", "{5D1C646A-14B5-4CB8-ACB9-7D4A98017639}"
EndProject
Project("{FAE04EC0-301F-11D3-BF4B-00C04F79EFBC}") = "EntityLayer", "EntityLayer\EntityLayer.csproj", "{87CBB516-1717-4CFD-A28A-D434A684F42E}"
EndProject
Project("{FAE04EC0-301F-11D3-BF4B-00C04F79EFBC}") = "DataAcsessLayer", "DataAcsessLayer\DataAcsessLayer.csproj", "{83445F09-A0A6-4DB5-B0FD-7D9C7BB46D55}"
EndProject
Project("{FAE04EC0-301F-11D3-BF4B-00C04F79EFBC}") = "BusinessLayer", "BusinessLayer\BusinessLayer.csproj", "{76BCAD02-C842-48AD-9871-8365AF390F25}"
EndProject
Global
	GlobalSection(SolutionConfigurationPlatforms) = preSolution
		Debug|Any CPU = Debug|Any CPU
		Release|Any CPU = Release|Any CPU
	EndGlobalSection
	GlobalSection(ProjectConfigurationPlatforms) = postSolution
		{5D1C646A-14B5-4CB8-ACB9-7D4A98017639}.Debug|Any CPU.ActiveCfg = Debug|Any CPU
		{5D1C646A-14B5-4CB8-ACB9-7D4A98017639}.Debug|Any CPU.Build.0 = Debug|Any CPU
		{5D1C646A-14B5-4CB8-ACB9-7D4A98017639}.Release|Any CPU.ActiveCfg = Release|Any CPU
		{5D1C646A-14B5-4CB8-ACB9-7D4A98017639}.Release|Any CPU.Build.0 = Release|Any CPU
		{87CBB516-1717-4CFD-A28A-D434A684F42E}.Debug|Any CPU.ActiveCfg = Debug|Any CPU
		{87CBB516-1717-4CFD-A28A-D434A684F42E}.Debug|Any CPU.Build.0 = Debug|Any CPU
		{87CBB516-1717-4CFD-A28A-D434A684F42E}.Release|Any CPU.ActiveCfg = Release|Any CPU
		{87CBB516-1717-4CFD-A28A-D434A684F42E}.Release|Any CPU.Build.0 = Release|Any CPU
		{83445F09-A0A6-4DB5-B0FD-7D9C7BB46D55}.Debug|Any CPU.ActiveCfg = Debug|Any CPU
		{83445F09-A0A6-4DB5-B0FD-7D9C7BB46D55}.Debug|Any CPU.Build.0 = Debug|Any CPU
		{83445F09-A0A6-4DB5-B0FD-7D9C7BB46D55}.Release|Any CPU.ActiveCfg = Release|Any CPU
		{83445F09-A0A6-4DB5-B0FD-7D9C7BB46D55}.Release|Any CPU.Build.0 = Release|Any CPU
		{76BCAD02-C842-48AD-9871-8365AF390F25}.Debug|Any CPU.ActiveCfg = Debug|Any CPU
		{76BCAD02-C842-48AD-9871-8365AF390F25}.Debug|Any CPU.Build.0 = Debug|Any CPU
		{76BCAD02-C842-48AD-9871-8365AF390F25}.Release|Any CPU.ActiveCfg = Release|Any CPU
		{76BCAD02-C842-48AD-9871-8365AF390F25}.Release|Any CPU.Build.0 = Release|Any CPU
	EndGlobalSection
	GlobalSection(SolutionProperties) = preSolution
		HideSolutionNode = FALSE
	EndGlobalSection
	GlobalSection(ExtensibilityGlobals) = postSolution
		SolutionGuid = {9E37D3D2-AFC7-4BAB-A33D-C9615B518DDF}
	EndGlobalSection
EndGlobal
